
Microsoft Visual Studio Solution File, Format Version 12.00
# Visual Studio Version 17
VisualStudioVersion = 17.6.33723.286
MinimumVisualStudioVersion = 10.0.40219.1
Project("{FAE04EC0-301F-11D3-BF4B-00C04F79EFBC}") = "timer_mvvm_test", "timer_mvvm_test\timer_mvvm_test.csproj", "{448FDC7C-2BD7-4C44-8596-EBFB10972B7E}"
EndProject
Global
	GlobalSection(SolutionConfigurationPlatforms) = preSolution
		Debug|Any CPU = Debug|Any CPU
		Release|Any CPU = Release|Any CPU
	EndGlobalSection
	GlobalSection(ProjectConfigurationPlatforms) = postSolution
		{448FDC7C-2BD7-4C44-8596-EBFB10972B7E}.Debug|Any CPU.ActiveCfg = Debug|Any CPU
		{448FDC7C-2BD7-4C44-8596-EBFB10972B7E}.Debug|Any CPU.Build.0 = Debug|Any CPU
		{448FDC7C-2BD7-4C44-8596-EBFB10972B7E}.Release|Any CPU.ActiveCfg = Release|Any CPU
		{448FDC7C-2BD7-4C44-8596-EBFB10972B7E}.Release|Any CPU.Build.0 = Release|Any CPU
	EndGlobalSection
	GlobalSection(SolutionProperties) = preSolution
		HideSolutionNode = FALSE
	EndGlobalSection
	GlobalSection(ExtensibilityGlobals) = postSolution
		SolutionGuid = {86960F83-F1E5-4977-8CE0-86EC0C7638E8}
	EndGlobalSection
EndGlobal
